<?xml version="1.0" encoding="utf-8"?>
<Project ToolsVersion="4.0" xmlns="http://schemas.microsoft.com/developer/msbuild/2003">
  <ItemGroup>
    <Filter Include="Source Files">
      <UniqueIdentifier>{4FC737F1-C7A5-4376-A066-2A32D752A2FF}</UniqueIdentifier>
      <Extensions>cpp;c;cc;cxx;c++;cppm;ixx;def;odl;idl;hpj;bat;asm;asmx</Extensions>
    </Filter>
    <Filter Include="Header Files">
      <UniqueIdentifier>{93995380-89BD-4b04-88EB-625FBE52EBFB}</UniqueIdentifier>
      <Extensions>h;hh;hpp;hxx;h++;hm;inl;inc;ipp;xsd</Extensions>
    </Filter>
    <Filter Include="Resource Files">
      <UniqueIdentifier>{67DA6AB6-F800-4c08-8B7A-83BB121AAD01}</UniqueIdentifier>
      <Extensions>rc;ico;cur;bmp;dlg;rc2;rct;bin;rgs;gif;jpg;jpeg;jpe;resx;tiff;tif;png;wav;mfcribbon-ms</Extensions>
    </Filter>
    <Filter Include="Source Files\ch04">
      <UniqueIdentifier>{91c44299-8480-4cd4-9fff-b4ad58f13dbf}</UniqueIdentifier>
    </Filter>
    <Filter Include="Source Files\ch05">
      <UniqueIdentifier>{f39b3c10-d201-403f-aaa7-1ce837945937}</UniqueIdentifier>
    </Filter>
    <Filter Include="Source Files\ch06">
      <UniqueIdentifier>{f3867268-6ba5-4a2b-9832-0d56894d9030}</UniqueIdentifier>
    </Filter>
    <Filter Include="Source Files\ch07">
      <UniqueIdentifier>{330ad550-7d3a-4c19-9dd5-0e9a48c29100}</UniqueIdentifier>
    </Filter>
    <Filter Include="Source Files\ch08">
      <UniqueIdentifier>{48a1267d-0bfe-4480-847b-45fa10aa87ab}</UniqueIdentifier>
    </Filter>
    <Filter Include="Source Files\ch09">
      <UniqueIdentifier>{08e15b0a-07de-416d-a083-02ccbf066fdb}</UniqueIdentifier>
    </Filter>
    <Filter Include="Source Files\ch10">
      <UniqueIdentifier>{53b7d6a1-7511-45f5-9c6c-bcdb0f2a4681}</UniqueIdentifier>
    </Filter>
    <Filter Include="Source Files\ch11">
      <UniqueIdentifier>{b0f3804b-6fe6-490b-acf2-94928845cd34}</UniqueIdentifier>
    </Filter>
    <Filter Include="Source Files\ch03">
      <UniqueIdentifier>{9ac947ad-92be-4f42-8664-60cd98a807a2}</UniqueIdentifier>
    </Filter>
    <Filter Include="Source Files\ch12">
      <UniqueIdentifier>{cdc38b6d-62d6-4101-a55c-e243572cdc13}</UniqueIdentifier>
    </Filter>
  </ItemGroup>
  <ItemGroup>
    <ClCompile Include="C++ProgramDesign3rd.cpp">
      <Filter>Source Files</Filter>
    </ClCompile>
    <ClCompile Include="src\ch03\src0301.cpp">
      <Filter>Source Files\ch03</Filter>
    </ClCompile>
    <ClCompile Include="src\ch03\src0302.cpp">
      <Filter>Source Files\ch03</Filter>
    </ClCompile>
    <ClCompile Include="src\ch03\src0303.cpp">
      <Filter>Source Files\ch03</Filter>
    </ClCompile>
    <ClCompile Include="src\ch03\src0304.cpp">
      <Filter>Source Files\ch03</Filter>
    </ClCompile>
    <ClCompile Include="src\ch03\src0305.cpp">
      <Filter>Source Files\ch03</Filter>
    </ClCompile>
    <ClCompile Include="src\ch03\src0306.cpp">
      <Filter>Source Files\ch03</Filter>
    </ClCompile>
    <ClCompile Include="src\ch03\src0307.cpp">
      <Filter>Source Files\ch03</Filter>
    </ClCompile>
    <ClCompile Include="src\ch03\src0308.cpp">
      <Filter>Source Files\ch03</Filter>
    </ClCompile>
    <ClCompile Include="src\ch03\src0309.cpp">
      <Filter>Source Files\ch03</Filter>
    </ClCompile>
    <ClCompile Include="src\ch03\src0310.cpp">
      <Filter>Source Files\ch03</Filter>
    </ClCompile>
    <ClCompile Include="src\ch03\src0311.cpp">
      <Filter>Source Files\ch03</Filter>
    </ClCompile>
    <ClCompile Include="src\ch03\src0312.cpp">
      <Filter>Source Files\ch03</Filter>
    </ClCompile>
    <ClCompile Include="src\ch03\src0313.cpp">
      <Filter>Source Files\ch03</Filter>
    </ClCompile>
    <ClCompile Include="src\ch03\src0314.cpp">
      <Filter>Source Files\ch03</Filter>
    </ClCompile>
    <ClCompile Include="src\ch03\src0315.cpp">
      <Filter>Source Files\ch03</Filter>
    </ClCompile>
    <ClCompile Include="src\ch03\src0316.cpp">
      <Filter>Source Files\ch03</Filter>
    </ClCompile>
    <ClCompile Include="src\ch03\src0317.cpp">
      <Filter>Source Files\ch03</Filter>
    </ClCompile>
    <ClCompile Include="src\ch03.cpp">
      <Filter>Source Files</Filter>
    </ClCompile>
    <ClCompile Include="src\ch04.cpp">
      <Filter>Source Files</Filter>
    </ClCompile>
    <ClCompile Include="src\ch04\src0401.cpp">
      <Filter>Source Files\ch04</Filter>
    </ClCompile>
    <ClCompile Include="src\ch04\src0402.cpp">
      <Filter>Source Files\ch04</Filter>
    </ClCompile>
    <ClCompile Include="src\ch04\src0403.cpp">
      <Filter>Source Files\ch04</Filter>
    </ClCompile>
    <ClCompile Include="src\ch04\src0404.cpp">
      <Filter>Source Files\ch04</Filter>
    </ClCompile>
    <ClCompile Include="src\ch04\Point.cpp">
      <Filter>Source Files\ch04</Filter>
    </ClCompile>
    <ClCompile Include="src\ch04\Line.cpp">
      <Filter>Source Files\ch04</Filter>
    </ClCompile>
    <ClCompile Include="src\ch04\src0405.cpp">
      <Filter>Source Files\ch04</Filter>
    </ClCompile>
    <ClCompile Include="src\ch05.cpp">
      <Filter>Source Files</Filter>
    </ClCompile>
    <ClCompile Include="src\ch05\src0501.cpp">
      <Filter>Source Files\ch05</Filter>
    </ClCompile>
    <ClCompile Include="src\ch05\src0502.cpp">
      <Filter>Source Files\ch05</Filter>
    </ClCompile>
    <ClCompile Include="src\ch05\src0503.cpp">
      <Filter>Source Files\ch05</Filter>
    </ClCompile>
    <ClCompile Include="src\ch05\src0504.cpp">
      <Filter>Source Files\ch05</Filter>
    </ClCompile>
    <ClCompile Include="src\ch05\src0505.cpp">
      <Filter>Source Files\ch05</Filter>
    </ClCompile>
    <ClCompile Include="src\ch05\src0506.cpp">
      <Filter>Source Files\ch05</Filter>
    </ClCompile>
    <ClCompile Include="src\ch05\src0507.cpp">
      <Filter>Source Files\ch05</Filter>
    </ClCompile>
    <ClCompile Include="src\ch05\src0508.cpp">
      <Filter>Source Files\ch05</Filter>
    </ClCompile>
    <ClCompile Include="src\ch05\Real.cpp">
      <Filter>Source Files\ch05</Filter>
    </ClCompile>
    <ClCompile Include="src\ch05\src0509.cpp">
      <Filter>Source Files\ch05</Filter>
    </ClCompile>
    <ClCompile Include="src\ch06.cpp">
      <Filter>Source Files</Filter>
    </ClCompile>
    <ClCompile Include="src\ch06\src0601.cpp">
      <Filter>Source Files\ch06</Filter>
    </ClCompile>
    <ClCompile Include="src\ch06\src0602.cpp">
      <Filter>Source Files\ch06</Filter>
    </ClCompile>
    <ClCompile Include="src\ch06\src0603.cpp">
      <Filter>Source Files\ch06</Filter>
    </ClCompile>
    <ClCompile Include="src\ch06\src0604.cpp">
      <Filter>Source Files\ch06</Filter>
    </ClCompile>
    <ClCompile Include="src\ch06\src0605.cpp">
      <Filter>Source Files\ch06</Filter>
    </ClCompile>
    <ClCompile Include="src\ch06\src0606.cpp">
      <Filter>Source Files\ch06</Filter>
    </ClCompile>
    <ClCompile Include="src\ch06\src0607.cpp">
      <Filter>Source Files\ch06</Filter>
    </ClCompile>
    <ClCompile Include="src\ch06\src0608.cpp">
      <Filter>Source Files\ch06</Filter>
    </ClCompile>
    <ClCompile Include="src\ch06\src0609.cpp">
      <Filter>Source Files\ch06</Filter>
    </ClCompile>
    <ClCompile Include="src\ch06\src0610.cpp">
      <Filter>Source Files\ch06</Filter>
    </ClCompile>
    <ClCompile Include="src\ch06\src0611.cpp">
      <Filter>Source Files\ch06</Filter>
    </ClCompile>
    <ClCompile Include="src\ch06\src0612.cpp">
      <Filter>Source Files\ch06</Filter>
    </ClCompile>
    <ClCompile Include="src\ch06\src0613.cpp">
      <Filter>Source Files\ch06</Filter>
    </ClCompile>
    <ClCompile Include="src\ch06\src0614.cpp">
      <Filter>Source Files\ch06</Filter>
    </ClCompile>
    <ClCompile Include="src\ch06\src0616.cpp">
      <Filter>Source Files\ch06</Filter>
    </ClCompile>
    <ClCompile Include="src\ch06\src0617.cpp">
      <Filter>Source Files\ch06</Filter>
    </ClCompile>
    <ClCompile Include="src\ch06\src0615.cpp">
      <Filter>Source Files\ch06</Filter>
    </ClCompile>
    <ClCompile Include="src\ch06\src0618.cpp">
      <Filter>Source Files\ch06</Filter>
    </ClCompile>
    <ClCompile Include="src\ch06\src0619.cpp">
      <Filter>Source Files\ch06</Filter>
    </ClCompile>
    <ClCompile Include="src\ch06\ArrayOfPoints.cpp">
      <Filter>Source Files\ch06</Filter>
    </ClCompile>
    <ClCompile Include="src\ch06\src0620.cpp">
      <Filter>Source Files\ch06</Filter>
    </ClCompile>
    <ClCompile Include="src\ch06\src0622.cpp">
      <Filter>Source Files\ch06</Filter>
    </ClCompile>
    <ClCompile Include="src\ch06\src0623.cpp">
      <Filter>Source Files\ch06</Filter>
    </ClCompile>
    <ClCompile Include="src\ch06\src0624.cpp">
      <Filter>Source Files\ch06</Filter>
    </ClCompile>
    <ClCompile Include="src\ch07.cpp">
      <Filter>Source Files</Filter>
    </ClCompile>
    <ClCompile Include="src\ch08.cpp">
      <Filter>Source Files</Filter>
    </ClCompile>
    <ClCompile Include="src\ch08\src0801.cpp">
      <Filter>Source Files\ch08</Filter>
    </ClCompile>
    <ClCompile Include="src\ch08\complex.cpp">
      <Filter>Source Files\ch08</Filter>
    </ClCompile>
    <ClCompile Include="src\ch08\src0802.cpp">
      <Filter>Source Files\ch08</Filter>
    </ClCompile>
    <ClCompile Include="src\ch08\Clock.cpp">
      <Filter>Source Files\ch08</Filter>
    </ClCompile>
    <ClCompile Include="src\ch08\src0803.cpp">
      <Filter>Source Files\ch08</Filter>
    </ClCompile>
    <ClCompile Include="src\ch09.cpp">
      <Filter>Source Files</Filter>
    </ClCompile>
    <ClCompile Include="src\ch09\src0901.cpp">
      <Filter>Source Files\ch09</Filter>
    </ClCompile>
    <ClCompile Include="src\ch09\src0902.cpp">
      <Filter>Source Files\ch09</Filter>
    </ClCompile>
    <ClCompile Include="src\ch09\src0903.cpp">
      <Filter>Source Files\ch09</Filter>
    </ClCompile>
    <ClCompile Include="src\ch09\Calculator.cpp">
      <Filter>Source Files\ch09</Filter>
    </ClCompile>
    <ClCompile Include="src\ch09\src0909.cpp">
      <Filter>Source Files\ch09</Filter>
    </ClCompile>
    <ClCompile Include="src\ch10.cpp">
      <Filter>Source Files</Filter>
    </ClCompile>
    <ClCompile Include="src\ch10\src1001.cpp">
      <Filter>Source Files\ch10</Filter>
    </ClCompile>
    <ClCompile Include="src\ch10\src1002.cpp">
      <Filter>Source Files\ch10</Filter>
    </ClCompile>
    <ClCompile Include="src\ch10\src1003.cpp">
      <Filter>Source Files\ch10</Filter>
    </ClCompile>
    <ClCompile Include="src\ch10\src1004.cpp">
      <Filter>Source Files\ch10</Filter>
    </ClCompile>
    <ClCompile Include="src\ch10\src1005.cpp">
      <Filter>Source Files\ch10</Filter>
    </ClCompile>
    <ClCompile Include="src\ch10\src1006.cpp">
      <Filter>Source Files\ch10</Filter>
    </ClCompile>
    <ClCompile Include="src\ch10\src1007.cpp">
      <Filter>Source Files\ch10</Filter>
    </ClCompile>
    <ClCompile Include="src\ch10\src1008.cpp">
      <Filter>Source Files\ch10</Filter>
    </ClCompile>
    <ClCompile Include="src\ch10\src1009.cpp">
      <Filter>Source Files\ch10</Filter>
    </ClCompile>
    <ClCompile Include="src\ch10\src1010.cpp">
      <Filter>Source Files\ch10</Filter>
    </ClCompile>
    <ClCompile Include="src\ch10\src1011.cpp">
      <Filter>Source Files\ch10</Filter>
    </ClCompile>
    <ClCompile Include="src\ch10\src1012.cpp">
      <Filter>Source Files\ch10</Filter>
    </ClCompile>
    <ClCompile Include="src\ch10\src1013.cpp">
      <Filter>Source Files\ch10</Filter>
    </ClCompile>
    <ClCompile Include="src\ch10\src1014.cpp">
      <Filter>Source Files\ch10</Filter>
    </ClCompile>
    <ClCompile Include="src\ch10\src1015.cpp">
      <Filter>Source Files\ch10</Filter>
    </ClCompile>
    <ClCompile Include="src\ch11.cpp">
      <Filter>Source Files</Filter>
    </ClCompile>
    <ClCompile Include="src\ch11\src1101.cpp">
      <Filter>Source Files\ch11</Filter>
    </ClCompile>
    <ClCompile Include="src\ch11\src1102.cpp">
      <Filter>Source Files\ch11</Filter>
    </ClCompile>
    <ClCompile Include="src\ch11\src1103.cpp">
      <Filter>Source Files\ch11</Filter>
    </ClCompile>
    <ClCompile Include="src\ch11\src1104.cpp">
      <Filter>Source Files\ch11</Filter>
    </ClCompile>
    <ClCompile Include="src\ch11\src1105.cpp">
      <Filter>Source Files\ch11</Filter>
    </ClCompile>
    <ClCompile Include="src\ch11\src1106.cpp">
      <Filter>Source Files\ch11</Filter>
    </ClCompile>
    <ClCompile Include="src\ch11\src1107.cpp">
      <Filter>Source Files\ch11</Filter>
    </ClCompile>
    <ClCompile Include="src\ch11\src1108.cpp">
      <Filter>Source Files\ch11</Filter>
    </ClCompile>
    <ClCompile Include="src\ch11\src1109.cpp">
      <Filter>Source Files\ch11</Filter>
    </ClCompile>
    <ClCompile Include="src\ch11\src1110.cpp">
      <Filter>Source Files\ch11</Filter>
    </ClCompile>
    <ClCompile Include="src\ch12.cpp">
      <Filter>Source Files</Filter>
    </ClCompile>
    <ClCompile Include="src\ch12\src1201.cpp">
      <Filter>Source Files\ch12</Filter>
    </ClCompile>
    <ClCompile Include="src\ch12\src1202.cpp">
      <Filter>Source Files\ch12</Filter>
    </ClCompile>
    <ClCompile Include="src\ch13.cpp">
      <Filter>Source Files</Filter>
    </ClCompile>
  </ItemGroup>
  <ItemGroup>
    <ClInclude Include="include\ch03.h">
      <Filter>Header Files</Filter>
    </ClInclude>
    <ClInclude Include="C++ProgramDesign3rd.h">
      <Filter>Header Files</Filter>
    </ClInclude>
    <ClInclude Include="include\ch04.h">
      <Filter>Header Files</Filter>
    </ClInclude>
    <ClInclude Include="include\Point.h">
      <Filter>Header Files</Filter>
    </ClInclude>
    <ClInclude Include="include\Line.h">
      <Filter>Header Files</Filter>
    </ClInclude>
    <ClInclude Include="include\ch05.h">
      <Filter>Header Files</Filter>
    </ClInclude>
    <ClInclude Include="include\Variable.h">
      <Filter>Header Files</Filter>
    </ClInclude>
    <ClInclude Include="include\Real.h">
      <Filter>Header Files</Filter>
    </ClInclude>
    <ClInclude Include="include\ch06.h">
      <Filter>Header Files</Filter>
    </ClInclude>
    <ClInclude Include="include\ArrayOfPoints.h">
      <Filter>Header Files</Filter>
    </ClInclude>
    <ClInclude Include="include\ch07.h">
      <Filter>Header Files</Filter>
    </ClInclude>
    <ClInclude Include="include\ch08.h">
      <Filter>Header Files</Filter>
    </ClInclude>
    <ClInclude Include="include\complex.h">
      <Filter>Header Files</Filter>
    </ClInclude>
    <ClInclude Include="include\Clock.h">
      <Filter>Header Files</Filter>
    </ClInclude>
    <ClInclude Include="include\ch09.h">
      <Filter>Header Files</Filter>
    </ClInclude>
    <ClInclude Include="include\Array.h">
      <Filter>Header Files</Filter>
    </ClInclude>
    <ClInclude Include="include\Node.h">
      <Filter>Header Files</Filter>
    </ClInclude>
    <ClInclude Include="include\LinkedList.h">
      <Filter>Header Files</Filter>
    </ClInclude>
    <ClInclude Include="include\Stack.h">
      <Filter>Header Files</Filter>
    </ClInclude>
    <ClInclude Include="include\Calculator.h">
      <Filter>Header Files</Filter>
    </ClInclude>
    <ClInclude Include="include\Queue.h">
      <Filter>Header Files</Filter>
    </ClInclude>
    <ClInclude Include="include\Sorting.h">
      <Filter>Header Files</Filter>
    </ClInclude>
    <ClInclude Include="include\Search.h">
      <Filter>Header Files</Filter>
    </ClInclude>
    <ClInclude Include="include\ch10.h">
      <Filter>Header Files</Filter>
    </ClInclude>
    <ClInclude Include="include\ch11.h">
      <Filter>Header Files</Filter>
    </ClInclude>
    <ClInclude Include="include\ch12.h">
      <Filter>Header Files</Filter>
    </ClInclude>
    <ClInclude Include="include\ch13.h">
      <Filter>Header Files</Filter>
    </ClInclude>
  </ItemGroup>
</Project>